
Microsoft Visual Studio Solution File, Format Version 12.00
# Visual Studio Version 16
VisualStudioVersion = 16.0.29209.152
MinimumVisualStudioVersion = 10.0.40219.1
Project("{FAE04EC0-301F-11D3-BF4B-00C04F79EFBC}") = "BlazorPwa1", "BlazorPwa1\BlazorPwa1.csproj", "{1613A34E-C4EC-4D42-9C82-E49DB286D558}"
EndProject
Global
	GlobalSection(SolutionConfigurationPlatforms) = preSolution
		Debug|Any CPU = Debug|Any CPU
		Release|Any CPU = Release|Any CPU
	EndGlobalSection
	GlobalSection(ProjectConfigurationPlatforms) = postSolution
		{1613A34E-C4EC-4D42-9C82-E49DB286D558}.Debug|Any CPU.ActiveCfg = Debug|Any CPU
		{1613A34E-C4EC-4D42-9C82-E49DB286D558}.Debug|Any CPU.Build.0 = Debug|Any CPU
		{1613A34E-C4EC-4D42-9C82-E49DB286D558}.Release|Any CPU.ActiveCfg = Release|Any CPU
		{1613A34E-C4EC-4D42-9C82-E49DB286D558}.Release|Any CPU.Build.0 = Release|Any CPU
	EndGlobalSection
	GlobalSection(SolutionProperties) = preSolution
		HideSolutionNode = FALSE
	EndGlobalSection
	GlobalSection(ExtensibilityGlobals) = postSolution
		SolutionGuid = {24A5370B-0F3A-4FC2-AF39-38BCB17CF495}
	EndGlobalSection
EndGlobal
